# This file is automatically @generated by Poetry 1.6.1 and should not be changed by hand.

[[package]]
name = "apsw"
version = "3.43.0.0"
description = "Another Python SQLite Wrapper"
optional = false
python-versions = ">=3.6"
files = [
    {file = "apsw-3.43.0.0-cp310-cp310-macosx_10_9_universal2.whl", hash = "sha256:74f547bc4880894e3886ec0081e709494d15c5ae4a14c89b29210e4d18f43847"},
    {file = "apsw-3.43.0.0-cp310-cp310-macosx_10_9_x86_64.whl", hash = "sha256:f85fa2870f6f21bbabeebe24e314e63b645980fb1228c41b85573d987650139e"},
    {file = "apsw-3.43.0.0-cp310-cp310-macosx_11_0_arm64.whl", hash = "sha256:57d37fd273adc22fe36c20760c7e9da5526a7ec4a2968fb84a5346bc53d689fa"},
    {file = "apsw-3.43.0.0-cp310-cp310-manylinux_2_17_aarch64.manylinux2014_aarch64.whl", hash = "sha256:65691a0cf7538c33dd218dd1ee02a59cb1aa888d64b7873bdf17287b64f1ee63"},
    {file = "apsw-3.43.0.0-cp310-cp310-manylinux_2_17_x86_64.manylinux2014_x86_64.whl", hash = "sha256:2ba2c663bc4668bb48da8c2d72bd9d4dd093f02f7b4e97bae588d7fc5a02129e"},
    {file = "apsw-3.43.0.0-cp310-cp310-manylinux_2_5_i686.manylinux1_i686.manylinux_2_17_i686.manylinux2014_i686.whl", hash = "sha256:079d9744241703db11a9d5e70ac11c44c48537bedf1a19afdab55589d0aee566"},
    {file = "apsw-3.43.0.0-cp310-cp310-musllinux_1_1_aarch64.whl", hash = "sha256:59c6245f2297d9461471c878e8feb2556106b68aae6ab1bbf02654d3029daf34"},
    {file = "apsw-3.43.0.0-cp310-cp310-musllinux_1_1_i686.whl", hash = "sha256:0028ddac5d6d6dd2516718ac2390e5ab9fdad4ec9577238a655b3f6aadba6d3c"},
    {file = "apsw-3.43.0.0-cp310-cp310-musllinux_1_1_x86_64.whl", hash = "sha256:5fb46ab3de4d3b364bd5fc14762a0e49eb8a39162f857c93a754da3ce1c8c756"},
    {file = "apsw-3.43.0.0-cp310-cp310-win32.whl", hash = "sha256:262808435a36d5644693edd78f3333fc75850da1fcf10d37a7cc0744724a003e"},
    {file = "apsw-3.43.0.0-cp310-cp310-win_amd64.whl", hash = "sha256:9cfa87d288c17c4eb87ab5e1ce4863ebd1fbe73cf8c1c649b9518aa422fe8c2e"},
    {file = "apsw-3.43.0.0-cp311-cp311-macosx_10_9_universal2.whl", hash = "sha256:7fc11344de2361fb2fdcdb6ee592c3edd910379d38e3e86f2d1f77196f0bf1df"},
    {file = "apsw-3.43.0.0-cp311-cp311-macosx_10_9_x86_64.whl", hash = "sha256:b770a2cbf7e2975e944076d1a776cc571a4b0fbc6693e0c30c5648d0f39e36f9"},
    {file = "apsw-3.43.0.0-cp311-cp311-macosx_11_0_arm64.whl", hash = "sha256:d42e3cafe7e5a6dc8aec1d8b1792f017d30c17accd5a1d5f362ea77ef601f8b1"},
    {file = "apsw-3.43.0.0-cp311-cp311-manylinux_2_17_aarch64.manylinux2014_aarch64.whl", hash = "sha256:4b9f7b68430f7cade468acd2a97be31341f504268e9175b41c1b616c94cbe32e"},
    {file = "apsw-3.43.0.0-cp311-cp311-manylinux_2_17_x86_64.manylinux2014_x86_64.whl", hash = "sha256:2e830f588c085fd219b2f2c35455786070bcdb3a3dd2ebab21bdd0dae182928a"},
    {file = "apsw-3.43.0.0-cp311-cp311-manylinux_2_5_i686.manylinux1_i686.manylinux_2_17_i686.manylinux2014_i686.whl", hash = "sha256:f9915d84e0962461523f5c4934a2f7e75fbd5982a986e1d84b68f526f0d3fc06"},
    {file = "apsw-3.43.0.0-cp311-cp311-musllinux_1_1_aarch64.whl", hash = "sha256:4a0af14f7a232b47f952b8b73d8d8f145818f43e9e6e877b8828115b32a126cc"},
    {file = "apsw-3.43.0.0-cp311-cp311-musllinux_1_1_i686.whl", hash = "sha256:ee1251c143c0205df49e40de912aa84f8d760a5f41b964bd38a6af6238826a9a"},
    {file = "apsw-3.43.0.0-cp311-cp311-musllinux_1_1_x86_64.whl", hash = "sha256:a5e31440fc763c31fb30e973242df1c1ec23d14796a8eb76a3f75582feea38f8"},
    {file = "apsw-3.43.0.0-cp311-cp311-win32.whl", hash = "sha256:b4a96a8698bc5e302e8af6932262772dab4603c354cbb2506986bee1ee3d2e60"},
    {file = "apsw-3.43.0.0-cp311-cp311-win_amd64.whl", hash = "sha256:41df9d5c64e795200a49c09ae174db2858c104ccca0d8e2405025e2f997ab9fc"},
    {file = "apsw-3.43.0.0-cp312-cp312-macosx_10_9_universal2.whl", hash = "sha256:3a47f71c0bbb9e43d8eeb94edb48f9c4d938d3edc5c526bb319ade37457c7a7e"},
    {file = "apsw-3.43.0.0-cp312-cp312-macosx_10_9_x86_64.whl", hash = "sha256:6fe73e350ce7c180add1501b924e3646473c2196d9af2e6c4e13edd57a1b75c9"},
    {file = "apsw-3.43.0.0-cp312-cp312-macosx_11_0_arm64.whl", hash = "sha256:875feb8ffbb26b09ad46d4af9c243c547033e822ee16e1c59e7bf1898a1692e8"},
    {file = "apsw-3.43.0.0-cp312-cp312-manylinux_2_17_aarch64.manylinux2014_aarch64.whl", hash = "sha256:9087a8c11fb421bfaa3eae5b22fe58c7027c2f8c9cfb2d7348524df8d8177dd3"},
    {file = "apsw-3.43.0.0-cp312-cp312-manylinux_2_17_x86_64.manylinux2014_x86_64.whl", hash = "sha256:24d01cb175c4c33a9973f4f9dc42602904d38a55882f2777e520ae7e39d32668"},
    {file = "apsw-3.43.0.0-cp312-cp312-manylinux_2_5_i686.manylinux1_i686.manylinux_2_17_i686.manylinux2014_i686.whl", hash = "sha256:fa33f14d64e173dbca4699abb6153b7abcb82d67d673ef06a5cd4fd9030f5185"},
    {file = "apsw-3.43.0.0-cp312-cp312-musllinux_1_1_aarch64.whl", hash = "sha256:8589a3157abab06263618dd4fbb9a5e414716d19a317bf445428bc56354eb1b9"},
    {file = "apsw-3.43.0.0-cp312-cp312-musllinux_1_1_i686.whl", hash = "sha256:ac28cc62150c4c6d52a18dc47a462aa1e271c120b8d939bc00fd047dda997b51"},
    {file = "apsw-3.43.0.0-cp312-cp312-musllinux_1_1_x86_64.whl", hash = "sha256:f188ab0e28466c2bd7d8aae0cb9263b1f162a15e3352aebe5315628a171e6c38"},
    {file = "apsw-3.43.0.0-cp312-cp312-win32.whl", hash = "sha256:1fb264bdfd64a2412e3a0c6468845d684ecb4effc4a1d69a79efb65b473f88cc"},
    {file = "apsw-3.43.0.0-cp312-cp312-win_amd64.whl", hash = "sha256:5df0bb580d95b79e1720b2cec3df0c659fd072a3289f5e29b22fbe50d4f9ba76"},
    {file = "apsw-3.43.0.0-cp36-cp36m-macosx_10_9_x86_64.whl", hash = "sha256:47b0679ad467da7a9c406934beb8e6aaf7fb755dbfa62ab708a0cb3d4999992b"},
    {file = "apsw-3.43.0.0-cp36-cp36m-manylinux_2_17_x86_64.manylinux2014_x86_64.whl", hash = "sha256:b7116ce544de67785c42aa31ccadf0b63e62e5c4f65378ddaf47de46643f209b"},
    {file = "apsw-3.43.0.0-cp36-cp36m-manylinux_2_5_i686.manylinux1_i686.manylinux_2_17_i686.manylinux2014_i686.whl", hash = "sha256:34eaacd0834c8ff05f6bc7a9dbd16cac123681fa121bd2c9390e90d0c5c5c364"},
    {file = "apsw-3.43.0.0-cp36-cp36m-musllinux_1_1_i686.whl", hash = "sha256:a63fa357bcd01087865e908e68b7777460865dc162dfbff08882a0d8de261ca6"},
    {file = "apsw-3.43.0.0-cp36-cp36m-musllinux_1_1_x86_64.whl", hash = "sha256:74e6f059fa648908c0fa42f758b23d4b27f5949e2074d6926dbcc28e847a11ca"},
    {file = "apsw-3.43.0.0-cp36-cp36m-win32.whl", hash = "sha256:e501e49a5dbc3b83e12d7f411071b7b010245069a6834f4ca27a7f75b842a7c8"},
    {file = "apsw-3.43.0.0-cp36-cp36m-win_amd64.whl", hash = "sha256:33da3c4c2c5aea3539108db5aa19b466379488cfa24ec055c36db27f39daa784"},
    {file = "apsw-3.43.0.0-cp37-cp37m-macosx_10_9_x86_64.whl", hash = "sha256:c69088ed573f386a8c10391b0b7587bd5cd5a565d983dbf1ab75b4f1fc9de31d"},
    {file = "apsw-3.43.0.0-cp37-cp37m-manylinux_2_17_x86_64.manylinux2014_x86_64.whl", hash = "sha256:44e4c61763694c86c1b93e487e76042c4128b8499db56ee5de1b86bf44c62b5d"},
    {file = "apsw-3.43.0.0-cp37-cp37m-manylinux_2_5_i686.manylinux1_i686.manylinux_2_17_i686.manylinux2014_i686.whl", hash = "sha256:fe91628186da3b7ed6fa4e76488a1cfa1a766838136d881d3248dfdb606e5e6b"},
    {file = "apsw-3.43.0.0-cp37-cp37m-musllinux_1_1_i686.whl", hash = "sha256:88d58f76c170ce496e8a5dde28e6b320f5f9afc64f3e44d060bdb175bf2955f4"},
    {file = "apsw-3.43.0.0-cp37-cp37m-musllinux_1_1_x86_64.whl", hash = "sha256:214550fac4ff4ed4085436347e299c71ce5be20e0b686815163019bcdb6b3832"},
    {file = "apsw-3.43.0.0-cp37-cp37m-win32.whl", hash = "sha256:9fd6e898253d8a2723aa93ba1727006d2aaa648b99955cc80c279db01cdad8a3"},
    {file = "apsw-3.43.0.0-cp37-cp37m-win_amd64.whl", hash = "sha256:6b588004f2013cc37ae8dbec237f7b7a0af17f0347b2b23402b1488004b002bf"},
    {file = "apsw-3.43.0.0-cp38-cp38-macosx_10_9_universal2.whl", hash = "sha256:e4d2a2f56ee5c65f58ebde7e3441d09f625509afe8dc49654fc201e851ac147f"},
    {file = "apsw-3.43.0.0-cp38-cp38-macosx_10_9_x86_64.whl", hash = "sha256:7859b20bccd318572920af7d002018a914a56c6edf4ec6869fcec56981512cd2"},
    {file = "apsw-3.43.0.0-cp38-cp38-macosx_11_0_arm64.whl", hash = "sha256:a7bb12f9bf8eaae2a42bb782bf40db165a85833068f1e956b066dc17f43ed5cc"},
    {file = "apsw-3.43.0.0-cp38-cp38-manylinux_2_17_x86_64.manylinux2014_x86_64.whl", hash = "sha256:708a79012b129ee9247db369375f9438fd091fe74be24618f97ff3d6d6965cb8"},
    {file = "apsw-3.43.0.0-cp38-cp38-manylinux_2_5_i686.manylinux1_i686.manylinux_2_17_i686.manylinux2014_i686.whl", hash = "sha256:af6903a760906ae92b1622b42b05534e9ef5b47dc39faed0c3c60d7facdfa993"},
    {file = "apsw-3.43.0.0-cp38-cp38-musllinux_1_1_i686.whl", hash = "sha256:42682b8da1404ab4d3aa62714d1c939239d3752c3b29c1b2ac6c35cc9544a498"},
    {file = "apsw-3.43.0.0-cp38-cp38-musllinux_1_1_x86_64.whl", hash = "sha256:cde8086a0c6ec316b2b7a4f0f612b5a3b9982010ed56d5ec265b649180058ae9"},
    {file = "apsw-3.43.0.0-cp38-cp38-win32.whl", hash = "sha256:0c5de6484491d9d9e0272f56db66b6fdf19ffa2da1ce1783066ab2b31c899a8d"},
    {file = "apsw-3.43.0.0-cp38-cp38-win_amd64.whl", hash = "sha256:cf4b34aff6761b1e476e4afbb4ffc11e09e948d57f256bf83dd2fc26d15fcf5a"},
    {file = "apsw-3.43.0.0-cp39-cp39-macosx_10_9_universal2.whl", hash = "sha256:fd4a8e297f577cc74c715c0d9a67c6c684091ae74375efce4ea316c1f51298fe"},
    {file = "apsw-3.43.0.0-cp39-cp39-macosx_10_9_x86_64.whl", hash = "sha256:6cdc5ff6c2fb4125895e36746169409aa10d05f5cb7a65f6e2c46a45226d34f2"},
    {file = "apsw-3.43.0.0-cp39-cp39-macosx_11_0_arm64.whl", hash = "sha256:e92ef5a6748ba2adbc55cb1af7586ddb267663478a52917c6ebb435a3b671662"},
    {file = "apsw-3.43.0.0-cp39-cp39-manylinux_2_17_x86_64.manylinux2014_x86_64.whl", hash = "sha256:f1ed596320e693600fe1a494155421c483a8bc1d8108969e2ca6effdce828422"},
    {file = "apsw-3.43.0.0-cp39-cp39-manylinux_2_5_i686.manylinux1_i686.manylinux_2_17_i686.manylinux2014_i686.whl", hash = "sha256:cc32e96d26db6731b9d518a81ada54ec34354454cbfefff507a9ddf17758558c"},
    {file = "apsw-3.43.0.0-cp39-cp39-musllinux_1_1_i686.whl", hash = "sha256:3cdfdb88052812a325eb55002f47fffd0e0bd2b6ff8d16cab7b2f9a534726419"},
    {file = "apsw-3.43.0.0-cp39-cp39-musllinux_1_1_x86_64.whl", hash = "sha256:4c6e6df683c1d9423f854036f00404aca21356cb9aff0d224f63ff87b78d71ba"},
    {file = "apsw-3.43.0.0-cp39-cp39-win32.whl", hash = "sha256:d16c989e4724a32cc22b0188f6e72bc42928525c3cdf8c44de30549c99d0dc02"},
    {file = "apsw-3.43.0.0-cp39-cp39-win_amd64.whl", hash = "sha256:19d5812e53e60c33120284572e9b838d36afa6d7bde5acfa27e1582c9b47fb28"},
    {file = "apsw-3.43.0.0.tar.gz", hash = "sha256:81d7db94047d8de91192b5ddac833f9ad131760d98fc478ab805965309d4a7d9"},
]

[[package]]
name = "attrs"
version = "23.1.0"
description = "Classes Without Boilerplate"
optional = false
python-versions = ">=3.7"
files = [
    {file = "attrs-23.1.0-py3-none-any.whl", hash = "sha256:1f28b4522cdc2fb4256ac1a020c78acf9cba2c6b461ccd2c126f3aa8e8335d04"},
    {file = "attrs-23.1.0.tar.gz", hash = "sha256:6279836d581513a26f1bf235f9acd333bc9115683f14f7e8fae46c98fc50e015"},
]

[package.extras]
cov = ["attrs[tests]", "coverage[toml] (>=5.3)"]
dev = ["attrs[docs,tests]", "pre-commit"]
docs = ["furo", "myst-parser", "sphinx", "sphinx-notfound-page", "sphinxcontrib-towncrier", "towncrier", "zope-interface"]
tests = ["attrs[tests-no-zope]", "zope-interface"]
tests-no-zope = ["cloudpickle", "hypothesis", "mypy (>=1.1.1)", "pympler", "pytest (>=4.3.0)", "pytest-mypy-plugins", "pytest-xdist[psutil]"]

[[package]]
name = "click"
version = "8.1.7"
description = "Composable command line interface toolkit"
optional = false
python-versions = ">=3.7"
files = [
    {file = "click-8.1.7-py3-none-any.whl", hash = "sha256:ae74fb96c20a0277a1d615f1e4d73c8414f5a98db8b799a7931d1582f3390c28"},
    {file = "click-8.1.7.tar.gz", hash = "sha256:ca9853ad459e787e2192211578cc907e7594e294c7ccc834310722b41b9ca6de"},
]

[package.dependencies]
colorama = {version = "*", markers = "platform_system == \"Windows\""}

[[package]]
name = "colorama"
version = "0.4.6"
description = "Cross-platform colored terminal text."
optional = false
python-versions = "!=3.0.*,!=3.1.*,!=3.2.*,!=3.3.*,!=3.4.*,!=3.5.*,!=3.6.*,>=2.7"
files = [
    {file = "colorama-0.4.6-py2.py3-none-any.whl", hash = "sha256:4f1d9991f5acc0ca119f9d443620b77f9d6b33703e51011c16baf57afb285fc6"},
    {file = "colorama-0.4.6.tar.gz", hash = "sha256:08695f5cb7ed6e0531a20572697297273c47b8cae5a63ffc6d6ed5c201be6e44"},
]

[[package]]
name = "flake8"
version = "6.1.0"
description = "the modular source code checker: pep8 pyflakes and co"
optional = false
python-versions = ">=3.8.1"
files = [
    {file = "flake8-6.1.0-py2.py3-none-any.whl", hash = "sha256:ffdfce58ea94c6580c77888a86506937f9a1a227dfcd15f245d694ae20a6b6e5"},
    {file = "flake8-6.1.0.tar.gz", hash = "sha256:d5b3857f07c030bdb5bf41c7f53799571d75c4491748a3adcd47de929e34cd23"},
]

[package.dependencies]
mccabe = ">=0.7.0,<0.8.0"
pycodestyle = ">=2.11.0,<2.12.0"
pyflakes = ">=3.1.0,<3.2.0"

[[package]]
name = "markdown-it-py"
version = "3.0.0"
description = "Python port of markdown-it. Markdown parsing, done right!"
optional = false
python-versions = ">=3.8"
files = [
    {file = "markdown-it-py-3.0.0.tar.gz", hash = "sha256:e3f60a94fa066dc52ec76661e37c851cb232d92f9886b15cb560aaada2df8feb"},
    {file = "markdown_it_py-3.0.0-py3-none-any.whl", hash = "sha256:355216845c60bd96232cd8d8c40e8f9765cc86f46880e43a8fd22dc1a1a8cab1"},
]

[package.dependencies]
mdurl = ">=0.1,<1.0"

[package.extras]
benchmarking = ["psutil", "pytest", "pytest-benchmark"]
code-style = ["pre-commit (>=3.0,<4.0)"]
compare = ["commonmark (>=0.9,<1.0)", "markdown (>=3.4,<4.0)", "mistletoe (>=1.0,<2.0)", "mistune (>=2.0,<3.0)", "panflute (>=2.3,<3.0)"]
linkify = ["linkify-it-py (>=1,<3)"]
plugins = ["mdit-py-plugins"]
profiling = ["gprof2dot"]
rtd = ["jupyter_sphinx", "mdit-py-plugins", "myst-parser", "pyyaml", "sphinx", "sphinx-copybutton", "sphinx-design", "sphinx_book_theme"]
testing = ["coverage", "pytest", "pytest-cov", "pytest-regressions"]

[[package]]
name = "mccabe"
version = "0.7.0"
description = "McCabe checker, plugin for flake8"
optional = false
python-versions = ">=3.6"
files = [
    {file = "mccabe-0.7.0-py2.py3-none-any.whl", hash = "sha256:6c2d30ab6be0e4a46919781807b4f0d834ebdd6c6e3dca0bda5a15f863427b6e"},
    {file = "mccabe-0.7.0.tar.gz", hash = "sha256:348e0240c33b60bbdf4e523192ef919f28cb2c3d7d5c7794f74009290f236325"},
]

[[package]]
name = "mdurl"
version = "0.1.2"
description = "Markdown URL utilities"
optional = false
python-versions = ">=3.7"
files = [
    {file = "mdurl-0.1.2-py3-none-any.whl", hash = "sha256:84008a41e51615a49fc9966191ff91509e3c40b939176e643fd50a5c2196b8f8"},
    {file = "mdurl-0.1.2.tar.gz", hash = "sha256:bb413d29f5eea38f31dd4754dd7377d4465116fb207585f97bf925588687c1ba"},
]

[[package]]
name = "pycodestyle"
version = "2.11.0"
description = "Python style guide checker"
optional = false
python-versions = ">=3.8"
files = [
    {file = "pycodestyle-2.11.0-py2.py3-none-any.whl", hash = "sha256:5d1013ba8dc7895b548be5afb05740ca82454fd899971563d2ef625d090326f8"},
    {file = "pycodestyle-2.11.0.tar.gz", hash = "sha256:259bcc17857d8a8b3b4a2327324b79e5f020a13c16074670f9c8c8f872ea76d0"},
]

[[package]]
name = "pyflakes"
version = "3.1.0"
description = "passive checker of Python programs"
optional = false
python-versions = ">=3.8"
files = [
    {file = "pyflakes-3.1.0-py2.py3-none-any.whl", hash = "sha256:4132f6d49cb4dae6819e5379898f2b8cce3c5f23994194c24b77d5da2e36f774"},
    {file = "pyflakes-3.1.0.tar.gz", hash = "sha256:a0aae034c444db0071aa077972ba4768d40c830d9539fd45bf4cd3f8f6992efc"},
]

[[package]]
name = "pygments"
version = "2.16.1"
description = "Pygments is a syntax highlighting package written in Python."
optional = false
python-versions = ">=3.7"
files = [
    {file = "Pygments-2.16.1-py3-none-any.whl", hash = "sha256:13fc09fa63bc8d8671a6d247e1eb303c4b343eaee81d861f3404db2935653692"},
    {file = "Pygments-2.16.1.tar.gz", hash = "sha256:1daff0494820c69bc8941e407aa20f577374ee88364ee10a98fdbe0aece96e29"},
]

[package.extras]
plugins = ["importlib-metadata"]

[[package]]
name = "rich"
version = "13.5.2"
description = "Render rich text, tables, progress bars, syntax highlighting, markdown and more to the terminal"
optional = false
python-versions = ">=3.7.0"
files = [
    {file = "rich-13.5.2-py3-none-any.whl", hash = "sha256:146a90b3b6b47cac4a73c12866a499e9817426423f57c5a66949c086191a8808"},
    {file = "rich-13.5.2.tar.gz", hash = "sha256:fb9d6c0a0f643c99eed3875b5377a184132ba9be4d61516a55273d3554d75a39"},
]

[package.dependencies]
markdown-it-py = ">=2.2.0"
pygments = ">=2.13.0,<3.0.0"

[package.extras]
jupyter = ["ipywidgets (>=7.5.1,<9)"]

[[package]]
name = "shellingham"
version = "1.5.3"
description = "Tool to Detect Surrounding Shell"
optional = false
python-versions = ">=3.7"
files = [
    {file = "shellingham-1.5.3-py2.py3-none-any.whl", hash = "sha256:419c6a164770c9c7cfcaeddfacb3d31ac7a8db0b0f3e9c1287679359734107e9"},
    {file = "shellingham-1.5.3.tar.gz", hash = "sha256:cb4a6fec583535bc6da17b647dd2330cf7ef30239e05d547d99ae3705fd0f7f8"},
]

[[package]]
name = "typer"
version = "0.9.0"
description = "Typer, build great CLIs. Easy to code. Based on Python type hints."
optional = false
python-versions = ">=3.6"
files = [
    {file = "typer-0.9.0-py3-none-any.whl", hash = "sha256:5d96d986a21493606a358cae4461bd8cdf83cbf33a5aa950ae629ca3b51467ee"},
    {file = "typer-0.9.0.tar.gz", hash = "sha256:50922fd79aea2f4751a8e0408ff10d2662bd0c8bbfa84755a699f3bada2978b2"},
]

[package.dependencies]
click = ">=7.1.1,<9.0.0"
colorama = {version = ">=0.4.3,<0.5.0", optional = true, markers = "extra == \"all\""}
rich = {version = ">=10.11.0,<14.0.0", optional = true, markers = "extra == \"all\""}
shellingham = {version = ">=1.3.0,<2.0.0", optional = true, markers = "extra == \"all\""}
typing-extensions = ">=3.7.4.3"

[package.extras]
all = ["colorama (>=0.4.3,<0.5.0)", "rich (>=10.11.0,<14.0.0)", "shellingham (>=1.3.0,<2.0.0)"]
dev = ["autoflake (>=1.3.1,<2.0.0)", "flake8 (>=3.8.3,<4.0.0)", "pre-commit (>=2.17.0,<3.0.0)"]
doc = ["cairosvg (>=2.5.2,<3.0.0)", "mdx-include (>=1.4.1,<2.0.0)", "mkdocs (>=1.1.2,<2.0.0)", "mkdocs-material (>=8.1.4,<9.0.0)", "pillow (>=9.3.0,<10.0.0)"]
test = ["black (>=22.3.0,<23.0.0)", "coverage (>=6.2,<7.0)", "isort (>=5.0.6,<6.0.0)", "mypy (==0.910)", "pytest (>=4.4.0,<8.0.0)", "pytest-cov (>=2.10.0,<5.0.0)", "pytest-sugar (>=0.9.4,<0.10.0)", "pytest-xdist (>=1.32.0,<4.0.0)", "rich (>=10.11.0,<14.0.0)", "shellingham (>=1.3.0,<2.0.0)"]

[[package]]
name = "typing-extensions"
version = "4.7.1"
description = "Backported and Experimental Type Hints for Python 3.7+"
optional = false
python-versions = ">=3.7"
files = [
    {file = "typing_extensions-4.7.1-py3-none-any.whl", hash = "sha256:440d5dd3af93b060174bf433bccd69b0babc3b15b1a8dca43789fd7f61514b36"},
    {file = "typing_extensions-4.7.1.tar.gz", hash = "sha256:b75ddc264f0ba5615db7ba217daeb99701ad295353c45f9e95963337ceeeffb2"},
]

[metadata]
lock-version = "2.0"
python-versions = "^3.11"
content-hash = "179fbd5f257d21631d56b04fed92f639529a35e6de8b2b140be675aff3e8d877"
